
Microsoft Visual Studio Solution File, Format Version 11.00
# Visual Studio 2010
Project("{FAE04EC0-301F-11D3-BF4B-00C04F79EFBC}") = "Assembly-CSharp", "Assembly-CSharp.csproj", "{AA3A8338-2431-BFBF-012D-C380C25FAC88}"
EndProject
Project("{FAE04EC0-301F-11D3-BF4B-00C04F79EFBC}") = "Unity.2D.Tilemap.Extras", "Unity.2D.Tilemap.Extras.csproj", "{7716BD10-FCBA-5CEF-5C76-431A6C7FB10B}"
EndProject
Project("{FAE04EC0-301F-11D3-BF4B-00C04F79EFBC}") = "Unity.2D.Tilemap.Extras.Editor", "Unity.2D.Tilemap.Extras.Editor.csproj", "{67D70545-0305-1502-C615-6828AC0B069C}"
EndProject
Project("{FAE04EC0-301F-11D3-BF4B-00C04F79EFBC}") = "Unity.2D.Tilemap.Extras.Placeholder.EditorTests", "Unity.2D.Tilemap.Extras.Placeholder.EditorTests.csproj", "{EA4C57C0-F026-BBB6-CBA7-4CE6AEE481D4}"
EndProject
Global
	GlobalSection(SolutionConfigurationPlatforms) = preSolution
		Debug|Any CPU = Debug|Any CPU
		Release|Any CPU = Release|Any CPU
	EndGlobalSection
	GlobalSection(ProjectConfigurationPlatforms) = postSolution
		{AA3A8338-2431-BFBF-012D-C380C25FAC88}.Debug|Any CPU.ActiveCfg = Debug|Any CPU
		{AA3A8338-2431-BFBF-012D-C380C25FAC88}.Debug|Any CPU.Build.0 = Debug|Any CPU
		{AA3A8338-2431-BFBF-012D-C380C25FAC88}.Release|Any CPU.ActiveCfg = Release|Any CPU
		{AA3A8338-2431-BFBF-012D-C380C25FAC88}.Release|Any CPU.Build.0 = Release|Any CPU
		{7716BD10-FCBA-5CEF-5C76-431A6C7FB10B}.Debug|Any CPU.ActiveCfg = Debug|Any CPU
		{7716BD10-FCBA-5CEF-5C76-431A6C7FB10B}.Debug|Any CPU.Build.0 = Debug|Any CPU
		{7716BD10-FCBA-5CEF-5C76-431A6C7FB10B}.Release|Any CPU.ActiveCfg = Release|Any CPU
		{7716BD10-FCBA-5CEF-5C76-431A6C7FB10B}.Release|Any CPU.Build.0 = Release|Any CPU
		{67D70545-0305-1502-C615-6828AC0B069C}.Debug|Any CPU.ActiveCfg = Debug|Any CPU
		{67D70545-0305-1502-C615-6828AC0B069C}.Debug|Any CPU.Build.0 = Debug|Any CPU
		{67D70545-0305-1502-C615-6828AC0B069C}.Release|Any CPU.ActiveCfg = Release|Any CPU
		{67D70545-0305-1502-C615-6828AC0B069C}.Release|Any CPU.Build.0 = Release|Any CPU
		{EA4C57C0-F026-BBB6-CBA7-4CE6AEE481D4}.Debug|Any CPU.ActiveCfg = Debug|Any CPU
		{EA4C57C0-F026-BBB6-CBA7-4CE6AEE481D4}.Debug|Any CPU.Build.0 = Debug|Any CPU
		{EA4C57C0-F026-BBB6-CBA7-4CE6AEE481D4}.Release|Any CPU.ActiveCfg = Release|Any CPU
		{EA4C57C0-F026-BBB6-CBA7-4CE6AEE481D4}.Release|Any CPU.Build.0 = Release|Any CPU
	EndGlobalSection
	GlobalSection(SolutionProperties) = preSolution
		HideSolutionNode = FALSE
	EndGlobalSection
EndGlobal
